
Microsoft Visual Studio Solution File, Format Version 12.00
# Visual Studio 15
VisualStudioVersion = 15.0.28307.421
MinimumVisualStudioVersion = 10.0.40219.1
Project("{FAE04EC0-301F-11D3-BF4B-00C04F79EFBC}") = "NetMentoring_Module2", "NetMentoring_Module2\NetMentoring_Module2.csproj", "{F1A0E28C-99CF-40B9-B137-8271927425E3}"
EndProject
Project("{FAE04EC0-301F-11D3-BF4B-00C04F79EFBC}") = "NetMentoring_Module2.Tests", "NetMentoring_Module2.Tests\NetMentoring_Module2.Tests.csproj", "{C328BE63-AD40-4850-B916-C874A0CA4239}"
EndProject
Global
	GlobalSection(SolutionConfigurationPlatforms) = preSolution
		Debug|Any CPU = Debug|Any CPU
		Release|Any CPU = Release|Any CPU
	EndGlobalSection
	GlobalSection(ProjectConfigurationPlatforms) = postSolution
		{F1A0E28C-99CF-40B9-B137-8271927425E3}.Debug|Any CPU.ActiveCfg = Debug|Any CPU
		{F1A0E28C-99CF-40B9-B137-8271927425E3}.Debug|Any CPU.Build.0 = Debug|Any CPU
		{F1A0E28C-99CF-40B9-B137-8271927425E3}.Release|Any CPU.ActiveCfg = Release|Any CPU
		{F1A0E28C-99CF-40B9-B137-8271927425E3}.Release|Any CPU.Build.0 = Release|Any CPU
		{C328BE63-AD40-4850-B916-C874A0CA4239}.Debug|Any CPU.ActiveCfg = Debug|Any CPU
		{C328BE63-AD40-4850-B916-C874A0CA4239}.Debug|Any CPU.Build.0 = Debug|Any CPU
		{C328BE63-AD40-4850-B916-C874A0CA4239}.Release|Any CPU.ActiveCfg = Release|Any CPU
		{C328BE63-AD40-4850-B916-C874A0CA4239}.Release|Any CPU.Build.0 = Release|Any CPU
	EndGlobalSection
	GlobalSection(SolutionProperties) = preSolution
		HideSolutionNode = FALSE
	EndGlobalSection
	GlobalSection(ExtensibilityGlobals) = postSolution
		SolutionGuid = {2E234F94-6062-457E-8D1D-50020110839E}
	EndGlobalSection
EndGlobal
